{
  "requires": true,
  "lockfileVersion": 1,
  "dependencies": {
    "vee-validate": {
      "version": "2.0.3",
      "resolved": "https://registry.npmjs.org/vee-validate/-/vee-validate-2.0.3.tgz",
      "integrity": "sha512-nQdBvO+zb13/2swY+CpCah4ZKg0zAzQOhmJIiaOkC8AGps1sWFNq4GiAGNbccr/2ZAsX4/2J+brb7Bj5xAreHg=="
    },
    "vue": {
      "version": "2.5.13",
      "resolved": "https://registry.npmjs.org/vue/-/vue-2.5.13.tgz",
      "integrity": "sha512-3D+lY7HTkKbtswDM4BBHgqyq+qo8IAEE8lz8va1dz3LLmttjgo0FxairO4r1iN2OBqk8o1FyL4hvzzTFEdQSEw=="
    }
  }
}
